Microsoft Visual Studio Solution File, Format Version 12.00
# Visual Studio Version 17
VisualStudioVersion = 17.5.2.0
MinimumVisualStudioVersion = 10.0.40219.1
Project("{FAE04EC0-301F-11D3-BF4B-00C04F79EFBC}") = "Collision3D", "Collision3D\Collision3D.csproj", "{62AD0C41-A462-AC8E-F4F5-8E3E7D0FE905}"
EndProject
Global
	GlobalSection(SolutionConfigurationPlatforms) = preSolution
		Debug|Any CPU = Debug|Any CPU
		Release|Any CPU = Release|Any CPU
	EndGlobalSection
	GlobalSection(ProjectConfigurationPlatforms) = postSolution
		{62AD0C41-A462-AC8E-F4F5-8E3E7D0FE905}.Debug|Any CPU.ActiveCfg = Debug|Any CPU
		{62AD0C41-A462-AC8E-F4F5-8E3E7D0FE905}.Debug|Any CPU.Build.0 = Debug|Any CPU
		{62AD0C41-A462-AC8E-F4F5-8E3E7D0FE905}.Release|Any CPU.ActiveCfg = Release|Any CPU
		{62AD0C41-A462-AC8E-F4F5-8E3E7D0FE905}.Release|Any CPU.Build.0 = Release|Any CPU
	EndGlobalSection
	GlobalSection(SolutionProperties) = preSolution
		HideSolutionNode = FALSE
	EndGlobalSection
	GlobalSection(ExtensibilityGlobals) = postSolution
		SolutionGuid = {5DE98423-8A2E-48EA-B477-B2C2F890E8E2}
	EndGlobalSection
EndGlobal
