Microsoft Visual Studio Solution File, Format Version 12.00
# Visual Studio Version 17
VisualStudioVersion = 17.5.2.0
MinimumVisualStudioVersion = 10.0.40219.1
Project("{FAE04EC0-301F-11D3-BF4B-00C04F79EFBC}") = "SprintGame", "SprintGame\SprintGame.csproj", "{0FEA6443-E171-2892-9BF8-5804A3FD14B0}"
EndProject
Global
	GlobalSection(SolutionConfigurationPlatforms) = preSolution
		Debug|Any CPU = Debug|Any CPU
		Release|Any CPU = Release|Any CPU
	EndGlobalSection
	GlobalSection(ProjectConfigurationPlatforms) = postSolution
		{0FEA6443-E171-2892-9BF8-5804A3FD14B0}.Debug|Any CPU.ActiveCfg = Debug|Any CPU
		{0FEA6443-E171-2892-9BF8-5804A3FD14B0}.Debug|Any CPU.Build.0 = Debug|Any CPU
		{0FEA6443-E171-2892-9BF8-5804A3FD14B0}.Release|Any CPU.ActiveCfg = Release|Any CPU
		{0FEA6443-E171-2892-9BF8-5804A3FD14B0}.Release|Any CPU.Build.0 = Release|Any CPU
	EndGlobalSection
	GlobalSection(SolutionProperties) = preSolution
		HideSolutionNode = FALSE
	EndGlobalSection
	GlobalSection(ExtensibilityGlobals) = postSolution
		SolutionGuid = {D0286747-4838-476E-9A22-A34BA13053A8}
	EndGlobalSection
EndGlobal
