Microsoft Visual Studio Solution File, Format Version 12.00
# Visual Studio Version 17
VisualStudioVersion = 17.5.2.0
MinimumVisualStudioVersion = 10.0.40219.1
Project("{FAE04EC0-301F-11D3-BF4B-00C04F79EFBC}") = "ebo-square", "ebo-square.csproj", "{A57CC8EF-28C4-8836-B275-3A05092B56BA}"
EndProject
Global
	GlobalSection(SolutionConfigurationPlatforms) = preSolution
		Debug|Any CPU = Debug|Any CPU
		Release|Any CPU = Release|Any CPU
	EndGlobalSection
	GlobalSection(ProjectConfigurationPlatforms) = postSolution
		{A57CC8EF-28C4-8836-B275-3A05092B56BA}.Debug|Any CPU.ActiveCfg = Debug|Any CPU
		{A57CC8EF-28C4-8836-B275-3A05092B56BA}.Debug|Any CPU.Build.0 = Debug|Any CPU
		{A57CC8EF-28C4-8836-B275-3A05092B56BA}.Release|Any CPU.ActiveCfg = Release|Any CPU
		{A57CC8EF-28C4-8836-B275-3A05092B56BA}.Release|Any CPU.Build.0 = Release|Any CPU
	EndGlobalSection
	GlobalSection(SolutionProperties) = preSolution
		HideSolutionNode = FALSE
	EndGlobalSection
	GlobalSection(ExtensibilityGlobals) = postSolution
		SolutionGuid = {66D80C03-0EB6-4CFF-B897-4BF5D0A9B923}
	EndGlobalSection
EndGlobal
